
Microsoft Visual Studio Solution File, Format Version 12.00
# Visual Studio 14
VisualStudioVersion = 14.0.22512.0
MinimumVisualStudioVersion = 10.0.40219.1
Project("{FAE04EC0-301F-11D3-BF4B-00C04F79EFBC}") = "10 - Validate a telephone number", "10 - Validate a telephone number.csproj", "{0F6772AF-D585-4409-9054-8C36F3B80CFD}"
EndProject
Global
	GlobalSection(SolutionConfigurationPlatforms) = preSolution
		Debug|Any CPU = Debug|Any CPU
		Release|Any CPU = Release|Any CPU
	EndGlobalSection
	GlobalSection(ProjectConfigurationPlatforms) = postSolution
		{0F6772AF-D585-4409-9054-8C36F3B80CFD}.Debug|Any CPU.ActiveCfg = Debug|Any CPU
		{0F6772AF-D585-4409-9054-8C36F3B80CFD}.Debug|Any CPU.Build.0 = Debug|Any CPU
		{0F6772AF-D585-4409-9054-8C36F3B80CFD}.Release|Any CPU.ActiveCfg = Release|Any CPU
		{0F6772AF-D585-4409-9054-8C36F3B80CFD}.Release|Any CPU.Build.0 = Release|Any CPU
	EndGlobalSection
	GlobalSection(SolutionProperties) = preSolution
		HideSolutionNode = FALSE
	EndGlobalSection
EndGlobal
