
Microsoft Visual Studio Solution File, Format Version 12.00
# Visual Studio 14
VisualStudioVersion = 14.0.22512.0
MinimumVisualStudioVersion = 10.0.40219.1
Project("{FAE04EC0-301F-11D3-BF4B-00C04F79EFBC}") = "13 - What year", "13 - What year.csproj", "{7086C4FC-107B-4DE6-B00B-F68C26D8B9CB}"
EndProject
Global
	GlobalSection(SolutionConfigurationPlatforms) = preSolution
		Debug|Any CPU = Debug|Any CPU
		Release|Any CPU = Release|Any CPU
	EndGlobalSection
	GlobalSection(ProjectConfigurationPlatforms) = postSolution
		{7086C4FC-107B-4DE6-B00B-F68C26D8B9CB}.Debug|Any CPU.ActiveCfg = Debug|Any CPU
		{7086C4FC-107B-4DE6-B00B-F68C26D8B9CB}.Debug|Any CPU.Build.0 = Debug|Any CPU
		{7086C4FC-107B-4DE6-B00B-F68C26D8B9CB}.Release|Any CPU.ActiveCfg = Release|Any CPU
		{7086C4FC-107B-4DE6-B00B-F68C26D8B9CB}.Release|Any CPU.Build.0 = Release|Any CPU
	EndGlobalSection
	GlobalSection(SolutionProperties) = preSolution
		HideSolutionNode = FALSE
	EndGlobalSection
EndGlobal
